# This file was autogenerated by Stack.
# You should not edit this file by hand.
# For more information, please see the documentation at:
#   https://docs.haskellstack.org/en/stable/lock_files

packages:
- completed:
    hackage: threepenny-gui-0.9.1.0@sha256:6de1ad00cf383cb8fb5e81bafd5ea2fc2f16e25c5b0b9c39e61c34db67e0c751,9795
    pantry-tree:
      sha256: 5f97119842ce3270c5b60692dde0e3f3dac51ea17bedfc404f838f8d27c6bfd9
      size: 4283
  original:
    hackage: threepenny-gui-0.9.1.0
- completed:
    hackage: snap-core-1.0.5.0@sha256:655c018169185e689ae38f2dc26a9fc3e0c7fd87b7e320bd971a3482bdeb9b91,10019
    pantry-tree:
      sha256: 981523e55481dc8505c7567f03cf1a40448f1b0bb196f6fa08ecf5bceea5979c
      size: 3377
  original:
    hackage: snap-core-1.0.5.0@sha256:655c018169185e689ae38f2dc26a9fc3e0c7fd87b7e320bd971a3482bdeb9b91,10019
- completed:
    hackage: snap-server-1.1.2.0@sha256:325378e4f7a50b1a94cf6175e11b9ac6db5edcdd87226f2d5997999334b85c46,15200
    pantry-tree:
      sha256: bac856da3319ff93d100dfd5811fbcc39d7d8b7e51d6adc07aea3fc81aacd14e
      size: 3313
  original:
    hackage: snap-server-1.1.2.0@sha256:325378e4f7a50b1a94cf6175e11b9ac6db5edcdd87226f2d5997999334b85c46,15200
- completed:
    hackage: websockets-snap-0.10.3.1@sha256:89582b7db916e67b6c8192f489e4eafe7488d9f813e349836a2e74fa4388623d,991
    pantry-tree:
      sha256: 1630fc5df984c0fd574e68860bf21e1ea3f60ffc26ed1f3859d4e5411bc1e6d8
      size: 330
  original:
    hackage: websockets-snap-0.10.3.1@sha256:89582b7db916e67b6c8192f489e4eafe7488d9f813e349836a2e74fa4388623d,991
- completed:
    hackage: readable-0.3.1@sha256:48e15b61329a09a0b1e6b4a4b7d3e2745e13761ea67bc8dfdc750dd35814b6e7,915
    pantry-tree:
      sha256: 8d16d28ab0face8d27d63596d6d0e66faccba4017e2d8305eb4927edbce9c4bf
      size: 312
  original:
    hackage: readable-0.3.1@sha256:48e15b61329a09a0b1e6b4a4b7d3e2745e13761ea67bc8dfdc750dd35814b6e7,915
snapshots:
- completed:
    sha256: 610eb156abc242a7590eb9b3f8646a62dff2edc7528b2793476d8cbb643ee317
    size: 644482
    url: https://raw.githubusercontent.com/commercialhaskell/stackage-snapshots/master/nightly/2022/10/17.yaml
  original: nightly-2022-10-17
