# This file was autogenerated by Stack.
# You should not edit this file by hand.
# For more information, please see the documentation at:
#   https://docs.haskellstack.org/en/stable/lock_files

packages: []
snapshots:
- completed:
    sha256: 610eb156abc242a7590eb9b3f8646a62dff2edc7528b2793476d8cbb643ee317
    size: 644482
    url: https://raw.githubusercontent.com/commercialhaskell/stackage-snapshots/master/nightly/2022/10/17.yaml
  original: nightly-2022-10-17
